# THIS IS AN AUTOGENERATED FILE. DO NOT EDIT THIS FILE DIRECTLY.
# yarn lockfile v1


"three-obj-mtl-loader@^1.0.3":
  "integrity" "sha512-0z7BfyG6vYPY9RvxJvL4rq8PbNrF42Kn4zxeqTfeDzJN++2oKbtCQhxHs5vLULnDuCRTEyDFf5TYvO+1vnJ7KQ=="
  "resolved" "https://registry.npmjs.org/three-obj-mtl-loader/-/three-obj-mtl-loader-1.0.3.tgz"
  "version" "1.0.3"

"three@^0.124.0", "three@>= 0.91":
  "integrity" "sha512-ROXp1Ly7YyF+jC910DQyAWj++Qlw2lQv0qwYLNQwdDbjk4bsOXAfGO92wYTMPNei1GMJUmCxSxc3MjGBTS09Rg=="
  "resolved" "https://registry.yarnpkg.com/three/-/three-0.124.0.tgz"
  "version" "0.124.0"
